// !$*UTF8*$!
{
	archiveVersion = 1;
	classes = {
	};
	objectVersion = 51;
	objects = {

/* Begin PBXBuildFile section */
		2C12F56926F4744200DFA740 /* Constants.swift in Sources */ = {isa = PBXBuildFile; fileRef = 2C12F56826F4744200DFA740 /* Constants.swift */; };
		2C12F56E26F4DB7C00DFA740 /* AuthService.swift in Sources */ = {isa = PBXBuildFile; fileRef = 2C12F56D26F4DB7C00DFA740 /* AuthService.swift */; };
		2C38761126F22A850082D692 /* Utilities.swift in Sources */ = {isa = PBXBuildFile; fileRef = 2C38761026F22A850082D692 /* Utilities.swift */; };
		2C3AE4E526F364A30089EC3C /* GoogleService-Info.plist in Resources */ = {isa = PBXBuildFile; fileRef = 2C3AE4E426F364A30089EC3C /* GoogleService-Info.plist */; };
		2C4D343126EF56DD00D64EAD /* FeedController.swift in Sources */ = {isa = PBXBuildFile; fileRef = 2C4D343026EF56DD00D64EAD /* FeedController.swift */; };
		2C4D343326EF574E00D64EAD /* ExploreController.swift in Sources */ = {isa = PBXBuildFile; fileRef = 2C4D343226EF574E00D64EAD /* ExploreController.swift */; };
		2C4D343526EF575F00D64EAD /* NotificationsController.swift in Sources */ = {isa = PBXBuildFile; fileRef = 2C4D343426EF575F00D64EAD /* NotificationsController.swift */; };
		2C4D343726EF576C00D64EAD /* ConversationsController.swift in Sources */ = {isa = PBXBuildFile; fileRef = 2C4D343626EF576C00D64EAD /* ConversationsController.swift */; };
		2C4D343B26EF7A4300D64EAD /* Extensions.swift in Sources */ = {isa = PBXBuildFile; fileRef = 2C4D343A26EF7A4300D64EAD /* Extensions.swift */; };
		2C4D343E26EF841B00D64EAD /* LoginController.swift in Sources */ = {isa = PBXBuildFile; fileRef = 2C4D343D26EF841B00D64EAD /* LoginController.swift */; };
		2C4D344026EF84E700D64EAD /* RegistrationController.swift in Sources */ = {isa = PBXBuildFile; fileRef = 2C4D343F26EF84E700D64EAD /* RegistrationController.swift */; };
		2C8D6B8526FC6A0D00C5108A /* UploadTweetController.swift in Sources */ = {isa = PBXBuildFile; fileRef = 2C8D6B8426FC6A0D00C5108A /* UploadTweetController.swift */; };
		2C8D6B8826FC840700C5108A /* CaptionTextView.swift in Sources */ = {isa = PBXBuildFile; fileRef = 2C8D6B8726FC840700C5108A /* CaptionTextView.swift */; };
		2C8D6B8A26FC8E3A00C5108A /* TweetService.swift in Sources */ = {isa = PBXBuildFile; fileRef = 2C8D6B8926FC8E3A00C5108A /* TweetService.swift */; };
		2C8DBD5E26F87DC6001603A6 /* UserService.swift in Sources */ = {isa = PBXBuildFile; fileRef = 2C8DBD5D26F87DC6001603A6 /* UserService.swift */; };
		2C8DBD6126F8CD4B001603A6 /* User.swift in Sources */ = {isa = PBXBuildFile; fileRef = 2C8DBD6026F8CD4B001603A6 /* User.swift */; };
		B90989E2BE927D523BD81FEF /* Pods_UdemyTwitter.framework in Frameworks */ = {isa = PBXBuildFile; fileRef = 40E60A26700FDB24FBF6DB85 /* Pods_UdemyTwitter.framework */; };
		BCA1070326EB83450066E4B5 /* AppDelegate.swift in Sources */ = {isa = PBXBuildFile; fileRef = BCA1070226EB83450066E4B5 /* AppDelegate.swift */; };
		BCA1070526EB83450066E4B5 /* SceneDelegate.swift in Sources */ = {isa = PBXBuildFile; fileRef = BCA1070426EB83450066E4B5 /* SceneDelegate.swift */; };
		BCA1070C26EB83480066E4B5 /* Assets.xcassets in Resources */ = {isa = PBXBuildFile; fileRef = BCA1070B26EB83480066E4B5 /* Assets.xcassets */; };
		BCA1070F26EB83480066E4B5 /* LaunchScreen.storyboard in Resources */ = {isa = PBXBuildFile; fileRef = BCA1070D26EB83480066E4B5 /* LaunchScreen.storyboard */; };
		BCA1072126EB859B0066E4B5 /* MainTabController.swift in Sources */ = {isa = PBXBuildFile; fileRef = BCA1072026EB859B0066E4B5 /* MainTabController.swift */; };
/* End PBXBuildFile section */

/* Begin PBXFileReference section */
		2C12F56826F4744200DFA740 /* Constants.swift */ = {isa = PBXFileReference; lastKnownFileType = sourcecode.swift; path = Constants.swift; sourceTree = "<group>"; };
		2C12F56D26F4DB7C00DFA740 /* AuthService.swift */ = {isa = PBXFileReference; lastKnownFileType = sourcecode.swift; path = AuthService.swift; sourceTree = "<group>"; };
		2C38761026F22A850082D692 /* Utilities.swift */ = {isa = PBXFileReference; lastKnownFileType = sourcecode.swift; path = Utilities.swift; sourceTree = "<group>"; };
		2C3AE4E426F364A30089EC3C /* GoogleService-Info.plist */ = {isa = PBXFileReference; fileEncoding = 4; lastKnownFileType = text.plist.xml; path = "GoogleService-Info.plist"; sourceTree = "<group>"; };
		2C4D343026EF56DD00D64EAD /* FeedController.swift */ = {isa = PBXFileReference; lastKnownFileType = sourcecode.swift; path = FeedController.swift; sourceTree = "<group>"; };
		2C4D343226EF574E00D64EAD /* ExploreController.swift */ = {isa = PBXFileReference; lastKnownFileType = sourcecode.swift; path = ExploreController.swift; sourceTree = "<group>"; };
		2C4D343426EF575F00D64EAD /* NotificationsController.swift */ = {isa = PBXFileReference; lastKnownFileType = sourcecode.swift; path = NotificationsController.swift; sourceTree = "<group>"; };
		2C4D343626EF576C00D64EAD /* ConversationsController.swift */ = {isa = PBXFileReference; lastKnownFileType = sourcecode.swift; path = ConversationsController.swift; sourceTree = "<group>"; };
		2C4D343A26EF7A4300D64EAD /* Extensions.swift */ = {isa = PBXFileReference; lastKnownFileType = sourcecode.swift; path = Extensions.swift; sourceTree = "<group>"; };
		2C4D343D26EF841B00D64EAD /* LoginController.swift */ = {isa = PBXFileReference; lastKnownFileType = sourcecode.swift; path = LoginController.swift; sourceTree = "<group>"; };
		2C4D343F26EF84E700D64EAD /* RegistrationController.swift */ = {isa = PBXFileReference; lastKnownFileType = sourcecode.swift; path = RegistrationController.swift; sourceTree = "<group>"; };
		2C8D6B8426FC6A0D00C5108A /* UploadTweetController.swift */ = {isa = PBXFileReference; lastKnownFileType = sourcecode.swift; path = UploadTweetController.swift; sourceTree = "<group>"; };
		2C8D6B8726FC840700C5108A /* CaptionTextView.swift */ = {isa = PBXFileReference; lastKnownFileType = sourcecode.swift; path = CaptionTextView.swift; sourceTree = "<group>"; };
		2C8D6B8926FC8E3A00C5108A /* TweetService.swift */ = {isa = PBXFileReference; lastKnownFileType = sourcecode.swift; path = TweetService.swift; sourceTree = "<group>"; };
		2C8DBD5D26F87DC6001603A6 /* UserService.swift */ = {isa = PBXFileReference; lastKnownFileType = sourcecode.swift; path = UserService.swift; sourceTree = "<group>"; };
		2C8DBD6026F8CD4B001603A6 /* User.swift */ = {isa = PBXFileReference; lastKnownFileType = sourcecode.swift; path = User.swift; sourceTree = "<group>"; };
		40E60A26700FDB24FBF6DB85 /* Pods_UdemyTwitter.framework */ = {isa = PBXFileReference; explicitFileType = wrapper.framework; includeInIndex = 0; path = Pods_UdemyTwitter.framework; sourceTree = BUILT_PRODUCTS_DIR; };
		8601FE2439C2A36C56C56F93 /* Pods-UdemyTwitter.debug.xcconfig */ = {isa = PBXFileReference; includeInIndex = 1; lastKnownFileType = text.xcconfig; name = "Pods-UdemyTwitter.debug.xcconfig"; path = "Target Support Files/Pods-UdemyTwitter/Pods-UdemyTwitter.debug.xcconfig"; sourceTree = "<group>"; };
		BCA106FF26EB83450066E4B5 /* UdemyTwitter.app */ = {isa = PBXFileReference; explicitFileType = wrapper.application; includeInIndex = 0; path = UdemyTwitter.app; sourceTree = BUILT_PRODUCTS_DIR; };
		BCA1070226EB83450066E4B5 /* AppDelegate.swift */ = {isa = PBXFileReference; lastKnownFileType = sourcecode.swift; path = AppDelegate.swift; sourceTree = "<group>"; };
		BCA1070426EB83450066E4B5 /* SceneDelegate.swift */ = {isa = PBXFileReference; lastKnownFileType = sourcecode.swift; path = SceneDelegate.swift; sourceTree = "<group>"; };
		BCA1070B26EB83480066E4B5 /* Assets.xcassets */ = {isa = PBXFileReference; lastKnownFileType = folder.assetcatalog; path = Assets.xcassets; sourceTree = "<group>"; };
		BCA1070E26EB83480066E4B5 /* Base */ = {isa = PBXFileReference; lastKnownFileType = file.storyboard; name = Base; path = Base.lproj/LaunchScreen.storyboard; sourceTree = "<group>"; };
		BCA1071026EB83480066E4B5 /* Info.plist */ = {isa = PBXFileReference; lastKnownFileType = text.plist.xml; path = Info.plist; sourceTree = "<group>"; };
		BCA1072026EB859B0066E4B5 /* MainTabController.swift */ = {isa = PBXFileReference; lastKnownFileType = sourcecode.swift; path = MainTabController.swift; sourceTree = "<group>"; };
		CE706FAAF6EE6E952D1FB48A /* Pods-UdemyTwitter.release.xcconfig */ = {isa = PBXFileReference; includeInIndex = 1; lastKnownFileType = text.xcconfig; name = "Pods-UdemyTwitter.release.xcconfig"; path = "Target Support Files/Pods-UdemyTwitter/Pods-UdemyTwitter.release.xcconfig"; sourceTree = "<group>"; };
/* End PBXFileReference section */

/* Begin PBXFrameworksBuildPhase section */
		BCA106FC26EB83450066E4B5 /* Frameworks */ = {
			isa = PBXFrameworksBuildPhase;
			buildActionMask = 2147483647;
			files = (
				B90989E2BE927D523BD81FEF /* Pods_UdemyTwitter.framework in Frameworks */,
			);
			runOnlyForDeploymentPostprocessing = 0;
		};
/* End PBXFrameworksBuildPhase section */

/* Begin PBXGroup section */
		2C12F56C26F4DB6A00DFA740 /* API */ = {
			isa = PBXGroup;
			children = (
				2C12F56D26F4DB7C00DFA740 /* AuthService.swift */,
				2C8DBD5D26F87DC6001603A6 /* UserService.swift */,
				2C8D6B8926FC8E3A00C5108A /* TweetService.swift */,
			);
			path = API;
			sourceTree = "<group>";
		};
		2C4D343926EF7A2900D64EAD /* Utils */ = {
			isa = PBXGroup;
			children = (
				2C4D343A26EF7A4300D64EAD /* Extensions.swift */,
				2C38761026F22A850082D692 /* Utilities.swift */,
				2C12F56826F4744200DFA740 /* Constants.swift */,
			);
			path = Utils;
			sourceTree = "<group>";
		};
		2C4D343C26EF840200D64EAD /* Authentication */ = {
			isa = PBXGroup;
			children = (
				2C4D343D26EF841B00D64EAD /* LoginController.swift */,
				2C4D343F26EF84E700D64EAD /* RegistrationController.swift */,
			);
			path = Authentication;
			sourceTree = "<group>";
		};
		2C8D6B8626FC83EF00C5108A /* View */ = {
			isa = PBXGroup;
			children = (
				2C8D6B8726FC840700C5108A /* CaptionTextView.swift */,
			);
			path = View;
			sourceTree = "<group>";
		};
		2C8DBD5F26F8CD41001603A6 /* Model */ = {
			isa = PBXGroup;
			children = (
				2C8DBD6026F8CD4B001603A6 /* User.swift */,
			);
			path = Model;
			sourceTree = "<group>";
		};
		6BDF12AC1B1CADE2E6EBAF75 /* Frameworks */ = {
			isa = PBXGroup;
			children = (
				40E60A26700FDB24FBF6DB85 /* Pods_UdemyTwitter.framework */,
			);
			name = Frameworks;
			sourceTree = "<group>";
		};
		BCA106F626EB83450066E4B5 = {
			isa = PBXGroup;
			children = (
				BCA1070126EB83450066E4B5 /* UdemyTwitter */,
				BCA1070026EB83450066E4B5 /* Products */,
				EE534C5D74C2ED306C3A424A /* Pods */,
				6BDF12AC1B1CADE2E6EBAF75 /* Frameworks */,
			);
			sourceTree = "<group>";
		};
		BCA1070026EB83450066E4B5 /* Products */ = {
			isa = PBXGroup;
			children = (
				BCA106FF26EB83450066E4B5 /* UdemyTwitter.app */,
			);
			name = Products;
			sourceTree = "<group>";
		};
		BCA1070126EB83450066E4B5 /* UdemyTwitter */ = {
			isa = PBXGroup;
			children = (
				2C12F56C26F4DB6A00DFA740 /* API */,
				2C8DBD5F26F8CD41001603A6 /* Model */,
				2C8D6B8626FC83EF00C5108A /* View */,
				BCA1071E26EB848E0066E4B5 /* ViewModel */,
				BCA1071B26EB84820066E4B5 /* Controller */,
				2C4D343926EF7A2900D64EAD /* Utils */,
				BCA1071626EB84410066E4B5 /* Configuration */,
				BCA1070B26EB83480066E4B5 /* Assets.xcassets */,
				BCA1070D26EB83480066E4B5 /* LaunchScreen.storyboard */,
				BCA1071026EB83480066E4B5 /* Info.plist */,
			);
			path = UdemyTwitter;
			sourceTree = "<group>";
		};
		BCA1071626EB84410066E4B5 /* Configuration */ = {
			isa = PBXGroup;
			children = (
				2C3AE4E426F364A30089EC3C /* GoogleService-Info.plist */,
				BCA1070226EB83450066E4B5 /* AppDelegate.swift */,
				BCA1070426EB83450066E4B5 /* SceneDelegate.swift */,
			);
			path = Configuration;
			sourceTree = "<group>";
		};
		BCA1071B26EB84820066E4B5 /* Controller */ = {
			isa = PBXGroup;
			children = (
				2C4D343C26EF840200D64EAD /* Authentication */,
				BCA1072026EB859B0066E4B5 /* MainTabController.swift */,
				2C4D343026EF56DD00D64EAD /* FeedController.swift */,
				2C4D343226EF574E00D64EAD /* ExploreController.swift */,
				2C4D343426EF575F00D64EAD /* NotificationsController.swift */,
				2C4D343626EF576C00D64EAD /* ConversationsController.swift */,
				2C8D6B8426FC6A0D00C5108A /* UploadTweetController.swift */,
			);
			path = Controller;
			sourceTree = "<group>";
		};
		BCA1071E26EB848E0066E4B5 /* ViewModel */ = {
			isa = PBXGroup;
			children = (
			);
			path = ViewModel;
			sourceTree = "<group>";
		};
		EE534C5D74C2ED306C3A424A /* Pods */ = {
			isa = PBXGroup;
			children = (
				8601FE2439C2A36C56C56F93 /* Pods-UdemyTwitter.debug.xcconfig */,
				CE706FAAF6EE6E952D1FB48A /* Pods-UdemyTwitter.release.xcconfig */,
			);
			path = Pods;
			sourceTree = "<group>";
		};
/* End PBXGroup section */

/* Begin PBXNativeTarget section */
		BCA106FE26EB83450066E4B5 /* UdemyTwitter */ = {
			isa = PBXNativeTarget;
			buildConfigurationList = BCA1071326EB83480066E4B5 /* Build configuration list for PBXNativeTarget "UdemyTwitter" */;
			buildPhases = (
				E3836235447329A63E0AB13C /* [CP] Check Pods Manifest.lock */,
				BCA106FB26EB83450066E4B5 /* Sources */,
				BCA106FC26EB83450066E4B5 /* Frameworks */,
				BCA106FD26EB83450066E4B5 /* Resources */,
				E3C727D9AEB3B52919BD580B /* [CP] Embed Pods Frameworks */,
			);
			buildRules = (
			);
			dependencies = (
			);
			name = UdemyTwitter;
			productName = UdemyTwitter;
			productReference = BCA106FF26EB83450066E4B5 /* UdemyTwitter.app */;
			productType = "com.apple.product-type.application";
		};
/* End PBXNativeTarget section */

/* Begin PBXProject section */
		BCA106F726EB83450066E4B5 /* Project object */ = {
			isa = PBXProject;
			attributes = {
				LastSwiftUpdateCheck = 1250;
				LastUpgradeCheck = 1250;
				TargetAttributes = {
					BCA106FE26EB83450066E4B5 = {
						CreatedOnToolsVersion = 12.5;
					};
				};
			};
			buildConfigurationList = BCA106FA26EB83450066E4B5 /* Build configuration list for PBXProject "UdemyTwitter" */;
			compatibilityVersion = "Xcode 9.3";
			developmentRegion = en;
			hasScannedForEncodings = 0;
			knownRegions = (
				en,
				Base,
			);
			mainGroup = BCA106F626EB83450066E4B5;
			productRefGroup = BCA1070026EB83450066E4B5 /* Products */;
			projectDirPath = "";
			projectRoot = "";
			targets = (
				BCA106FE26EB83450066E4B5 /* UdemyTwitter */,
			);
		};
/* End PBXProject section */

/* Begin PBXResourcesBuildPhase section */
		BCA106FD26EB83450066E4B5 /* Resources */ = {
			isa = PBXResourcesBuildPhase;
			buildActionMask = 2147483647;
			files = (
				BCA1070F26EB83480066E4B5 /* LaunchScreen.storyboard in Resources */,
				BCA1070C26EB83480066E4B5 /* Assets.xcassets in Resources */,
				2C3AE4E526F364A30089EC3C /* GoogleService-Info.plist in Resources */,
			);
			runOnlyForDeploymentPostprocessing = 0;
		};
/* End PBXResourcesBuildPhase section */

/* Begin PBXShellScriptBuildPhase section */
		E3836235447329A63E0AB13C /* [CP] Check Pods Manifest.lock */ = {
			isa = PBXShellScriptBuildPhase;
			buildActionMask = 2147483647;
			files = (
			);
			inputFileListPaths = (
			);
			inputPaths = (
				"${PODS_PODFILE_DIR_PATH}/Podfile.lock",
				"${PODS_ROOT}/Manifest.lock",
			);
			name = "[CP] Check Pods Manifest.lock";
			outputFileListPaths = (
			);
			outputPaths = (
				"$(DERIVED_FILE_DIR)/Pods-UdemyTwitter-checkManifestLockResult.txt",
			);
			runOnlyForDeploymentPostprocessing = 0;
			shellPath = /bin/sh;
			shellScript = "diff \"${PODS_PODFILE_DIR_PATH}/Podfile.lock\" \"${PODS_ROOT}/Manifest.lock\" > /dev/null\nif [ $? != 0 ] ; then\n    # print error to STDERR\n    echo \"error: The sandbox is not in sync with the Podfile.lock. Run 'pod install' or update your CocoaPods installation.\" >&2\n    exit 1\nfi\n# This output is used by Xcode 'outputs' to avoid re-running this script phase.\necho \"SUCCESS\" > \"${SCRIPT_OUTPUT_FILE_0}\"\n";
			showEnvVarsInLog = 0;
		};
		E3C727D9AEB3B52919BD580B /* [CP] Embed Pods Frameworks */ = {
			isa = PBXShellScriptBuildPhase;
			buildActionMask = 2147483647;
			files = (
			);
			inputFileListPaths = (
				"${PODS_ROOT}/Target Support Files/Pods-UdemyTwitter/Pods-UdemyTwitter-frameworks-${CONFIGURATION}-input-files.xcfilelist",
			);
			name = "[CP] Embed Pods Frameworks";
			outputFileListPaths = (
				"${PODS_ROOT}/Target Support Files/Pods-UdemyTwitter/Pods-UdemyTwitter-frameworks-${CONFIGURATION}-output-files.xcfilelist",
			);
			runOnlyForDeploymentPostprocessing = 0;
			shellPath = /bin/sh;
			shellScript = "\"${PODS_ROOT}/Target Support Files/Pods-UdemyTwitter/Pods-UdemyTwitter-frameworks.sh\"\n";
			showEnvVarsInLog = 0;
		};
/* End PBXShellScriptBuildPhase section */

/* Begin PBXSourcesBuildPhase section */
		BCA106FB26EB83450066E4B5 /* Sources */ = {
			isa = PBXSourcesBuildPhase;
			buildActionMask = 2147483647;
			files = (
				2C8DBD5E26F87DC6001603A6 /* UserService.swift in Sources */,
				2C4D343526EF575F00D64EAD /* NotificationsController.swift in Sources */,
				2C8D6B8826FC840700C5108A /* CaptionTextView.swift in Sources */,
				2C4D343726EF576C00D64EAD /* ConversationsController.swift in Sources */,
				2C38761126F22A850082D692 /* Utilities.swift in Sources */,
				BCA1070326EB83450066E4B5 /* AppDelegate.swift in Sources */,
				2C4D343B26EF7A4300D64EAD /* Extensions.swift in Sources */,
				2C4D343E26EF841B00D64EAD /* LoginController.swift in Sources */,
				2C12F56E26F4DB7C00DFA740 /* AuthService.swift in Sources */,
				2C8D6B8526FC6A0D00C5108A /* UploadTweetController.swift in Sources */,
				2C8DBD6126F8CD4B001603A6 /* User.swift in Sources */,
				2C4D343326EF574E00D64EAD /* ExploreController.swift in Sources */,
				BCA1070526EB83450066E4B5 /* SceneDelegate.swift in Sources */,
				BCA1072126EB859B0066E4B5 /* MainTabController.swift in Sources */,
				2C4D344026EF84E700D64EAD /* RegistrationController.swift in Sources */,
				2C4D343126EF56DD00D64EAD /* FeedController.swift in Sources */,
				2C12F56926F4744200DFA740 /* Constants.swift in Sources */,
				2C8D6B8A26FC8E3A00C5108A /* TweetService.swift in Sources */,
			);
			runOnlyForDeploymentPostprocessing = 0;
		};
/* End PBXSourcesBuildPhase section */

/* Begin PBXVariantGroup section */
		BCA1070D26EB83480066E4B5 /* LaunchScreen.storyboard */ = {
			isa = PBXVariantGroup;
			children = (
				BCA1070E26EB83480066E4B5 /* Base */,
			);
			name = LaunchScreen.storyboard;
			sourceTree = "<group>";
		};
/* End PBXVariantGroup section */

/* Begin XCBuildConfiguration section */
		BCA1071126EB83480066E4B5 /* Debug */ = {
			isa = XCBuildConfiguration;
			buildSettings = {
				ALWAYS_SEARCH_USER_PATHS = NO;
				CLANG_ANALYZER_NONNULL = YES;
				CLANG_ANALYZER_NUMBER_OBJECT_CONVERSION = YES_AGGRESSIVE;
				CLANG_CXX_LANGUAGE_STANDARD = "gnu++14";
				CLANG_CXX_LIBRARY = "libc++";
				CLANG_ENABLE_MODULES = YES;
				CLANG_ENABLE_OBJC_ARC = YES;
				CLANG_ENABLE_OBJC_WEAK = YES;
				CLANG_WARN_BLOCK_CAPTURE_AUTORELEASING = YES;
				CLANG_WARN_BOOL_CONVERSION = YES;
				CLANG_WARN_COMMA = YES;
				CLANG_WARN_CONSTANT_CONVERSION = YES;
				CLANG_WARN_DEPRECATED_OBJC_IMPLEMENTATIONS = YES;
				CLANG_WARN_DIRECT_OBJC_ISA_USAGE = YES_ERROR;
				CLANG_WARN_DOCUMENTATION_COMMENTS = YES;
				CLANG_WARN_EMPTY_BODY = YES;
				CLANG_WARN_ENUM_CONVERSION = YES;
				CLANG_WARN_INFINITE_RECURSION = YES;
				CLANG_WARN_INT_CONVERSION = YES;
				CLANG_WARN_NON_LITERAL_NULL_CONVERSION = YES;
				CLANG_WARN_OBJC_IMPLICIT_RETAIN_SELF = YES;
				CLANG_WARN_OBJC_LITERAL_CONVERSION = YES;
				CLANG_WARN_OBJC_ROOT_CLASS = YES_ERROR;
				CLANG_WARN_QUOTED_INCLUDE_IN_FRAMEWORK_HEADER = YES;
				CLANG_WARN_RANGE_LOOP_ANALYSIS = YES;
				CLANG_WARN_STRICT_PROTOTYPES = YES;
				CLANG_WARN_SUSPICIOUS_MOVE = YES;
				CLANG_WARN_UNGUARDED_AVAILABILITY = YES_AGGRESSIVE;
				CLANG_WARN_UNREACHABLE_CODE = YES;
				CLANG_WARN__DUPLICATE_METHOD_MATCH = YES;
				COPY_PHASE_STRIP = NO;
				DEBUG_INFORMATION_FORMAT = dwarf;
				ENABLE_STRICT_OBJC_MSGSEND = YES;
				ENABLE_TESTABILITY = YES;
				GCC_C_LANGUAGE_STANDARD = gnu11;
				GCC_DYNAMIC_NO_PIC = NO;
				GCC_NO_COMMON_BLOCKS = YES;
				GCC_OPTIMIZATION_LEVEL = 0;
				GCC_PREPROCESSOR_DEFINITIONS = (
					"DEBUG=1",
					"$(inherited)",
				);
				GCC_WARN_64_TO_32_BIT_CONVERSION = YES;
				GCC_WARN_ABOUT_RETURN_TYPE = YES_ERROR;
				GCC_WARN_UNDECLARED_SELECTOR = YES;
				GCC_WARN_UNINITIALIZED_AUTOS = YES_AGGRESSIVE;
				GCC_WARN_UNUSED_FUNCTION = YES;
				GCC_WARN_UNUSED_VARIABLE = YES;
				IPHONEOS_DEPLOYMENT_TARGET = 14.5;
				MTL_ENABLE_DEBUG_INFO = INCLUDE_SOURCE;
				MTL_FAST_MATH = YES;
				ONLY_ACTIVE_ARCH = YES;
				SDKROOT = iphoneos;
				SWIFT_ACTIVE_COMPILATION_CONDITIONS = DEBUG;
				SWIFT_OPTIMIZATION_LEVEL = "-Onone";
			};
			name = Debug;
		};
		BCA1071226EB83480066E4B5 /* Release */ = {
			isa = XCBuildConfiguration;
			buildSettings = {
				ALWAYS_SEARCH_USER_PATHS = NO;
				CLANG_ANALYZER_NONNULL = YES;
				CLANG_ANALYZER_NUMBER_OBJECT_CONVERSION = YES_AGGRESSIVE;
				CLANG_CXX_LANGUAGE_STANDARD = "gnu++14";
				CLANG_CXX_LIBRARY = "libc++";
				CLANG_ENABLE_MODULES = YES;
				CLANG_ENABLE_OBJC_ARC = YES;
				CLANG_ENABLE_OBJC_WEAK = YES;
				CLANG_WARN_BLOCK_CAPTURE_AUTORELEASING = YES;
				CLANG_WARN_BOOL_CONVERSION = YES;
				CLANG_WARN_COMMA = YES;
				CLANG_WARN_CONSTANT_CONVERSION = YES;
				CLANG_WARN_DEPRECATED_OBJC_IMPLEMENTATIONS = YES;
				CLANG_WARN_DIRECT_OBJC_ISA_USAGE = YES_ERROR;
				CLANG_WARN_DOCUMENTATION_COMMENTS = YES;
				CLANG_WARN_EMPTY_BODY = YES;
				CLANG_WARN_ENUM_CONVERSION = YES;
				CLANG_WARN_INFINITE_RECURSION = YES;
				CLANG_WARN_INT_CONVERSION = YES;
				CLANG_WARN_NON_LITERAL_NULL_CONVERSION = YES;
				CLANG_WARN_OBJC_IMPLICIT_RETAIN_SELF = YES;
				CLANG_WARN_OBJC_LITERAL_CONVERSION = YES;
				CLANG_WARN_OBJC_ROOT_CLASS = YES_ERROR;
				CLANG_WARN_QUOTED_INCLUDE_IN_FRAMEWORK_HEADER = YES;
				CLANG_WARN_RANGE_LOOP_ANALYSIS = YES;
				CLANG_WARN_STRICT_PROTOTYPES = YES;
				CLANG_WARN_SUSPICIOUS_MOVE = YES;
				CLANG_WARN_UNGUARDED_AVAILABILITY = YES_AGGRESSIVE;
				CLANG_WARN_UNREACHABLE_CODE = YES;
				CLANG_WARN__DUPLICATE_METHOD_MATCH = YES;
				COPY_PHASE_STRIP = NO;
				DEBUG_INFORMATION_FORMAT = "dwarf-with-dsym";
				ENABLE_NS_ASSERTIONS = NO;
				ENABLE_STRICT_OBJC_MSGSEND = YES;
				GCC_C_LANGUAGE_STANDARD = gnu11;
				GCC_NO_COMMON_BLOCKS = YES;
				GCC_WARN_64_TO_32_BIT_CONVERSION = YES;
				GCC_WARN_ABOUT_RETURN_TYPE = YES_ERROR;
				GCC_WARN_UNDECLARED_SELECTOR = YES;
				GCC_WARN_UNINITIALIZED_AUTOS = YES_AGGRESSIVE;
				GCC_WARN_UNUSED_FUNCTION = YES;
				GCC_WARN_UNUSED_VARIABLE = YES;
				IPHONEOS_DEPLOYMENT_TARGET = 14.5;
				MTL_ENABLE_DEBUG_INFO = NO;
				MTL_FAST_MATH = YES;
				SDKROOT = iphoneos;
				SWIFT_COMPILATION_MODE = wholemodule;
				SWIFT_OPTIMIZATION_LEVEL = "-O";
				VALIDATE_PRODUCT = YES;
			};
			name = Release;
		};
		BCA1071426EB83480066E4B5 /* Debug */ = {
			isa = XCBuildConfiguration;
			baseConfigurationReference = 8601FE2439C2A36C56C56F93 /* Pods-UdemyTwitter.debug.xcconfig */;
			buildSettings = {
				ASSETCATALOG_COMPILER_APPICON_NAME = AppIcon;
				ASSETCATALOG_COMPILER_GLOBAL_ACCENT_COLOR_NAME = AccentColor;
				CODE_SIGN_IDENTITY = "Apple Development";
				CODE_SIGN_STYLE = Automatic;
				DEVELOPMENT_TEAM = 4FY7ZP6522;
				INFOPLIST_FILE = UdemyTwitter/Info.plist;
				LD_RUNPATH_SEARCH_PATHS = (
					"$(inherited)",
					"@executable_path/Frameworks",
				);
				PRODUCT_BUNDLE_IDENTIFIER = Bodah.UdemyTwitter;
				PRODUCT_NAME = "$(TARGET_NAME)";
				PROVISIONING_PROFILE_SPECIFIER = "";
				SWIFT_VERSION = 5.0;
				TARGETED_DEVICE_FAMILY = "1,2";
			};
			name = Debug;
		};
		BCA1071526EB83480066E4B5 /* Release */ = {
			isa = XCBuildConfiguration;
			baseConfigurationReference = CE706FAAF6EE6E952D1FB48A /* Pods-UdemyTwitter.release.xcconfig */;
			buildSettings = {
				ASSETCATALOG_COMPILER_APPICON_NAME = AppIcon;
				ASSETCATALOG_COMPILER_GLOBAL_ACCENT_COLOR_NAME = AccentColor;
				CODE_SIGN_IDENTITY = "Apple Development";
				CODE_SIGN_STYLE = Automatic;
				DEVELOPMENT_TEAM = 4FY7ZP6522;
				INFOPLIST_FILE = UdemyTwitter/Info.plist;
				LD_RUNPATH_SEARCH_PATHS = (
					"$(inherited)",
					"@executable_path/Frameworks",
				);
				PRODUCT_BUNDLE_IDENTIFIER = Bodah.UdemyTwitter;
				PRODUCT_NAME = "$(TARGET_NAME)";
				PROVISIONING_PROFILE_SPECIFIER = "";
				SWIFT_VERSION = 5.0;
				TARGETED_DEVICE_FAMILY = "1,2";
			};
			name = Release;
		};
/* End XCBuildConfiguration section */

/* Begin XCConfigurationList section */
		BCA106FA26EB83450066E4B5 /* Build configuration list for PBXProject "UdemyTwitter" */ = {
			isa = XCConfigurationList;
			buildConfigurations = (
				BCA1071126EB83480066E4B5 /* Debug */,
				BCA1071226EB83480066E4B5 /* Release */,
			);
			defaultConfigurationIsVisible = 0;
			defaultConfigurationName = Release;
		};
		BCA1071326EB83480066E4B5 /* Build configuration list for PBXNativeTarget "UdemyTwitter" */ = {
			isa = XCConfigurationList;
			buildConfigurations = (
				BCA1071426EB83480066E4B5 /* Debug */,
				BCA1071526EB83480066E4B5 /* Release */,
			);
			defaultConfigurationIsVisible = 0;
			defaultConfigurationName = Release;
		};
/* End XCConfigurationList section */
	};
	rootObject = BCA106F726EB83450066E4B5 /* Project object */;
}
